// !$*UTF8*$!
{
	archiveVersion = 1;
	classes = {
	};
	objectVersion = 56;
	objects = {

/* Begin PBXBuildFile section */
		FB6A66002BBA8BD500CE9041 /* SolarEnergyMonitorApp.swift in Sources */ = {isa = PBXBuildFile; fileRef = FB6A65FF2BBA8BD500CE9041 /* SolarEnergyMonitorApp.swift */; };
		FB6A66042BBA8BD700CE9041 /* Assets.xcassets in Resources */ = {isa = PBXBuildFile; fileRef = FB6A66032BBA8BD700CE9041 /* Assets.xcassets */; };
		FB6A66072BBA8BD700CE9041 /* Preview Assets.xcassets in Resources */ = {isa = PBXBuildFile; fileRef = FB6A66062BBA8BD700CE9041 /* Preview Assets.xcassets */; };
		FB6A660F2BBA8C9C00CE9041 /* MenuView.swift in Sources */ = {isa = PBXBuildFile; fileRef = FB6A660E2BBA8C9C00CE9041 /* MenuView.swift */; };
		FB6A66112BBA91A800CE9041 /* MenuBarViewModel.swift in Sources */ = {isa = PBXBuildFile; fileRef = FB6A66102BBA91A800CE9041 /* MenuBarViewModel.swift */; };
		FBD9B9272BBACA16007F29F9 /* ContentView.swift in Sources */ = {isa = PBXBuildFile; fileRef = FBD9B9262BBACA16007F29F9 /* ContentView.swift */; };
/* End PBXBuildFile section */

/* Begin PBXFileReference section */
		FB6A65FC2BBA8BD500CE9041 /* SolarEnergyMonitor.app */ = {isa = PBXFileReference; explicitFileType = wrapper.application; includeInIndex = 0; path = SolarEnergyMonitor.app; sourceTree = BUILT_PRODUCTS_DIR; };
		FB6A65FF2BBA8BD500CE9041 /* SolarEnergyMonitorApp.swift */ = {isa = PBXFileReference; lastKnownFileType = sourcecode.swift; path = SolarEnergyMonitorApp.swift; sourceTree = "<group>"; };
		FB6A66032BBA8BD700CE9041 /* Assets.xcassets */ = {isa = PBXFileReference; lastKnownFileType = folder.assetcatalog; path = Assets.xcassets; sourceTree = "<group>"; };
		FB6A66062BBA8BD700CE9041 /* Preview Assets.xcassets */ = {isa = PBXFileReference; lastKnownFileType = folder.assetcatalog; path = "Preview Assets.xcassets"; sourceTree = "<group>"; };
		FB6A66082BBA8BD700CE9041 /* SolarEnergyMonitor.entitlements */ = {isa = PBXFileReference; lastKnownFileType = text.plist.entitlements; path = SolarEnergyMonitor.entitlements; sourceTree = "<group>"; };
		FB6A660E2BBA8C9C00CE9041 /* MenuView.swift */ = {isa = PBXFileReference; lastKnownFileType = sourcecode.swift; path = MenuView.swift; sourceTree = "<group>"; };
		FB6A66102BBA91A800CE9041 /* MenuBarViewModel.swift */ = {isa = PBXFileReference; lastKnownFileType = sourcecode.swift; path = MenuBarViewModel.swift; sourceTree = "<group>"; };
		FB6A66122BBA93F700CE9041 /* Info.plist */ = {isa = PBXFileReference; lastKnownFileType = text.plist; path = Info.plist; sourceTree = "<group>"; };
		FBD9B9262BBACA16007F29F9 /* ContentView.swift */ = {isa = PBXFileReference; lastKnownFileType = sourcecode.swift; path = ContentView.swift; sourceTree = "<group>"; };
/* End PBXFileReference section */

/* Begin PBXFrameworksBuildPhase section */
		FB6A65F92BBA8BD500CE9041 /* Frameworks */ = {
			isa = PBXFrameworksBuildPhase;
			buildActionMask = 2147483647;
			files = (
			);
			runOnlyForDeploymentPostprocessing = 0;
		};
/* End PBXFrameworksBuildPhase section */

/* Begin PBXGroup section */
		FB6A65F32BBA8BD500CE9041 = {
			isa = PBXGroup;
			children = (
				FB6A65FE2BBA8BD500CE9041 /* SolarEnergyMonitor */,
				FB6A65FD2BBA8BD500CE9041 /* Products */,
			);
			sourceTree = "<group>";
		};
		FB6A65FD2BBA8BD500CE9041 /* Products */ = {
			isa = PBXGroup;
			children = (
				FB6A65FC2BBA8BD500CE9041 /* SolarEnergyMonitor.app */,
			);
			name = Products;
			sourceTree = "<group>";
		};
		FB6A65FE2BBA8BD500CE9041 /* SolarEnergyMonitor */ = {
			isa = PBXGroup;
			children = (
				FB6A66122BBA93F700CE9041 /* Info.plist */,
				FB6A65FF2BBA8BD500CE9041 /* SolarEnergyMonitorApp.swift */,
				FBD9B9262BBACA16007F29F9 /* ContentView.swift */,
				FB6A66102BBA91A800CE9041 /* MenuBarViewModel.swift */,
				FB6A660E2BBA8C9C00CE9041 /* MenuView.swift */,
				FB6A66032BBA8BD700CE9041 /* Assets.xcassets */,
				FB6A66082BBA8BD700CE9041 /* SolarEnergyMonitor.entitlements */,
				FB6A66052BBA8BD700CE9041 /* Preview Content */,
			);
			path = SolarEnergyMonitor;
			sourceTree = "<group>";
		};
		FB6A66052BBA8BD700CE9041 /* Preview Content */ = {
			isa = PBXGroup;
			children = (
				FB6A66062BBA8BD700CE9041 /* Preview Assets.xcassets */,
			);
			path = "Preview Content";
			sourceTree = "<group>";
		};
/* End PBXGroup section */

/* Begin PBXNativeTarget section */
		FB6A65FB2BBA8BD500CE9041 /* SolarEnergyMonitor */ = {
			isa = PBXNativeTarget;
			buildConfigurationList = FB6A660B2BBA8BD700CE9041 /* Build configuration list for PBXNativeTarget "SolarEnergyMonitor" */;
			buildPhases = (
				FB6A65F82BBA8BD500CE9041 /* Sources */,
				FB6A65F92BBA8BD500CE9041 /* Frameworks */,
				FB6A65FA2BBA8BD500CE9041 /* Resources */,
			);
			buildRules = (
			);
			dependencies = (
			);
			name = SolarEnergyMonitor;
			productName = SolarEnergyMonitor;
			productReference = FB6A65FC2BBA8BD500CE9041 /* SolarEnergyMonitor.app */;
			productType = "com.apple.product-type.application";
		};
/* End PBXNativeTarget section */

/* Begin PBXProject section */
		FB6A65F42BBA8BD500CE9041 /* Project object */ = {
			isa = PBXProject;
			attributes = {
				BuildIndependentTargetsInParallel = 1;
				LastSwiftUpdateCheck = 1530;
				LastUpgradeCheck = 1530;
				TargetAttributes = {
					FB6A65FB2BBA8BD500CE9041 = {
						CreatedOnToolsVersion = 15.3;
					};
				};
			};
			buildConfigurationList = FB6A65F72BBA8BD500CE9041 /* Build configuration list for PBXProject "SolarEnergyMonitor" */;
			compatibilityVersion = "Xcode 14.0";
			developmentRegion = en;
			hasScannedForEncodings = 0;
			knownRegions = (
				en,
				Base,
			);
			mainGroup = FB6A65F32BBA8BD500CE9041;
			productRefGroup = FB6A65FD2BBA8BD500CE9041 /* Products */;
			projectDirPath = "";
			projectRoot = "";
			targets = (
				FB6A65FB2BBA8BD500CE9041 /* SolarEnergyMonitor */,
			);
		};
/* End PBXProject section */

/* Begin PBXResourcesBuildPhase section */
		FB6A65FA2BBA8BD500CE9041 /* Resources */ = {
			isa = PBXResourcesBuildPhase;
			buildActionMask = 2147483647;
			files = (
				FB6A66072BBA8BD700CE9041 /* Preview Assets.xcassets in Resources */,
				FB6A66042BBA8BD700CE9041 /* Assets.xcassets in Resources */,
			);
			runOnlyForDeploymentPostprocessing = 0;
		};
/* End PBXResourcesBuildPhase section */

/* Begin PBXSourcesBuildPhase section */
		FB6A65F82BBA8BD500CE9041 /* Sources */ = {
			isa = PBXSourcesBuildPhase;
			buildActionMask = 2147483647;
			files = (
				FB6A66112BBA91A800CE9041 /* MenuBarViewModel.swift in Sources */,
				FB6A660F2BBA8C9C00CE9041 /* MenuView.swift in Sources */,
				FBD9B9272BBACA16007F29F9 /* ContentView.swift in Sources */,
				FB6A66002BBA8BD500CE9041 /* SolarEnergyMonitorApp.swift in Sources */,
			);
			runOnlyForDeploymentPostprocessing = 0;
		};
/* End PBXSourcesBuildPhase section */

/* Begin XCBuildConfiguration section */
		FB6A66092BBA8BD700CE9041 /* Debug */ = {
			isa = XCBuildConfiguration;
			buildSettings = {
				ALWAYS_SEARCH_USER_PATHS = NO;
				ASSETCATALOG_COMPILER_GENERATE_SWIFT_ASSET_SYMBOL_EXTENSIONS = YES;
				CLANG_ANALYZER_NONNULL = YES;
				CLANG_ANALYZER_NUMBER_OBJECT_CONVERSION = YES_AGGRESSIVE;
				CLANG_CXX_LANGUAGE_STANDARD = "gnu++20";
				CLANG_ENABLE_MODULES = YES;
				CLANG_ENABLE_OBJC_ARC = YES;
				CLANG_ENABLE_OBJC_WEAK = YES;
				CLANG_WARN_BLOCK_CAPTURE_AUTORELEASING = YES;
				CLANG_WARN_BOOL_CONVERSION = YES;
				CLANG_WARN_COMMA = YES;
				CLANG_WARN_CONSTANT_CONVERSION = YES;
				CLANG_WARN_DEPRECATED_OBJC_IMPLEMENTATIONS = YES;
				CLANG_WARN_DIRECT_OBJC_ISA_USAGE = YES_ERROR;
				CLANG_WARN_DOCUMENTATION_COMMENTS = YES;
				CLANG_WARN_EMPTY_BODY = YES;
				CLANG_WARN_ENUM_CONVERSION = YES;
				CLANG_WARN_INFINITE_RECURSION = YES;
				CLANG_WARN_INT_CONVERSION = YES;
				CLANG_WARN_NON_LITERAL_NULL_CONVERSION = YES;
				CLANG_WARN_OBJC_IMPLICIT_RETAIN_SELF = YES;
				CLANG_WARN_OBJC_LITERAL_CONVERSION = YES;
				CLANG_WARN_OBJC_ROOT_CLASS = YES_ERROR;
				CLANG_WARN_QUOTED_INCLUDE_IN_FRAMEWORK_HEADER = YES;
				CLANG_WARN_RANGE_LOOP_ANALYSIS = YES;
				CLANG_WARN_STRICT_PROTOTYPES = YES;
				CLANG_WARN_SUSPICIOUS_MOVE = YES;
				CLANG_WARN_UNGUARDED_AVAILABILITY = YES_AGGRESSIVE;
				CLANG_WARN_UNREACHABLE_CODE = YES;
				CLANG_WARN__DUPLICATE_METHOD_MATCH = YES;
				COPY_PHASE_STRIP = NO;
				DEBUG_INFORMATION_FORMAT = dwarf;
				ENABLE_STRICT_OBJC_MSGSEND = YES;
				ENABLE_TESTABILITY = YES;
				ENABLE_USER_SCRIPT_SANDBOXING = YES;
				GCC_C_LANGUAGE_STANDARD = gnu17;
				GCC_DYNAMIC_NO_PIC = NO;
				GCC_NO_COMMON_BLOCKS = YES;
				GCC_OPTIMIZATION_LEVEL = 0;
				GCC_PREPROCESSOR_DEFINITIONS = (
					"DEBUG=1",
					"$(inherited)",
				);
				GCC_WARN_64_TO_32_BIT_CONVERSION = YES;
				GCC_WARN_ABOUT_RETURN_TYPE = YES_ERROR;
				GCC_WARN_UNDECLARED_SELECTOR = YES;
				GCC_WARN_UNINITIALIZED_AUTOS = YES_AGGRESSIVE;
				GCC_WARN_UNUSED_FUNCTION = YES;
				GCC_WARN_UNUSED_VARIABLE = YES;
				LOCALIZATION_PREFERS_STRING_CATALOGS = YES;
				MACOSX_DEPLOYMENT_TARGET = 14.3;
				MTL_ENABLE_DEBUG_INFO = INCLUDE_SOURCE;
				MTL_FAST_MATH = YES;
				ONLY_ACTIVE_ARCH = YES;
				SDKROOT = macosx;
				SWIFT_ACTIVE_COMPILATION_CONDITIONS = "DEBUG $(inherited)";
				SWIFT_OPTIMIZATION_LEVEL = "-Onone";
			};
			name = Debug;
		};
		FB6A660A2BBA8BD700CE9041 /* Release */ = {
			isa = XCBuildConfiguration;
			buildSettings = {
				ALWAYS_SEARCH_USER_PATHS = NO;
				ASSETCATALOG_COMPILER_GENERATE_SWIFT_ASSET_SYMBOL_EXTENSIONS = YES;
				CLANG_ANALYZER_NONNULL = YES;
				CLANG_ANALYZER_NUMBER_OBJECT_CONVERSION = YES_AGGRESSIVE;
				CLANG_CXX_LANGUAGE_STANDARD = "gnu++20";
				CLANG_ENABLE_MODULES = YES;
				CLANG_ENABLE_OBJC_ARC = YES;
				CLANG_ENABLE_OBJC_WEAK = YES;
				CLANG_WARN_BLOCK_CAPTURE_AUTORELEASING = YES;
				CLANG_WARN_BOOL_CONVERSION = YES;
				CLANG_WARN_COMMA = YES;
				CLANG_WARN_CONSTANT_CONVERSION = YES;
				CLANG_WARN_DEPRECATED_OBJC_IMPLEMENTATIONS = YES;
				CLANG_WARN_DIRECT_OBJC_ISA_USAGE = YES_ERROR;
				CLANG_WARN_DOCUMENTATION_COMMENTS = YES;
				CLANG_WARN_EMPTY_BODY = YES;
				CLANG_WARN_ENUM_CONVERSION = YES;
				CLANG_WARN_INFINITE_RECURSION = YES;
				CLANG_WARN_INT_CONVERSION = YES;
				CLANG_WARN_NON_LITERAL_NULL_CONVERSION = YES;
				CLANG_WARN_OBJC_IMPLICIT_RETAIN_SELF = YES;
				CLANG_WARN_OBJC_LITERAL_CONVERSION = YES;
				CLANG_WARN_OBJC_ROOT_CLASS = YES_ERROR;
				CLANG_WARN_QUOTED_INCLUDE_IN_FRAMEWORK_HEADER = YES;
				CLANG_WARN_RANGE_LOOP_ANALYSIS = YES;
				CLANG_WARN_STRICT_PROTOTYPES = YES;
				CLANG_WARN_SUSPICIOUS_MOVE = YES;
				CLANG_WARN_UNGUARDED_AVAILABILITY = YES_AGGRESSIVE;
				CLANG_WARN_UNREACHABLE_CODE = YES;
				CLANG_WARN__DUPLICATE_METHOD_MATCH = YES;
				COPY_PHASE_STRIP = NO;
				DEBUG_INFORMATION_FORMAT = "dwarf-with-dsym";
				ENABLE_NS_ASSERTIONS = NO;
				ENABLE_STRICT_OBJC_MSGSEND = YES;
				ENABLE_USER_SCRIPT_SANDBOXING = YES;
				GCC_C_LANGUAGE_STANDARD = gnu17;
				GCC_NO_COMMON_BLOCKS = YES;
				GCC_WARN_64_TO_32_BIT_CONVERSION = YES;
				GCC_WARN_ABOUT_RETURN_TYPE = YES_ERROR;
				GCC_WARN_UNDECLARED_SELECTOR = YES;
				GCC_WARN_UNINITIALIZED_AUTOS = YES_AGGRESSIVE;
				GCC_WARN_UNUSED_FUNCTION = YES;
				GCC_WARN_UNUSED_VARIABLE = YES;
				LOCALIZATION_PREFERS_STRING_CATALOGS = YES;
				MACOSX_DEPLOYMENT_TARGET = 14.3;
				MTL_ENABLE_DEBUG_INFO = NO;
				MTL_FAST_MATH = YES;
				SDKROOT = macosx;
				SWIFT_COMPILATION_MODE = wholemodule;
			};
			name = Release;
		};
		FB6A660C2BBA8BD700CE9041 /* Debug */ = {
			isa = XCBuildConfiguration;
			buildSettings = {
				ASSETCATALOG_COMPILER_APPICON_NAME = AppIcon;
				ASSETCATALOG_COMPILER_GLOBAL_ACCENT_COLOR_NAME = AccentColor;
				CODE_SIGN_ENTITLEMENTS = SolarEnergyMonitor/SolarEnergyMonitor.entitlements;
				CODE_SIGN_STYLE = Automatic;
				COMBINE_HIDPI_IMAGES = YES;
				CURRENT_PROJECT_VERSION = 1;
				DEVELOPMENT_ASSET_PATHS = "\"SolarEnergyMonitor/Preview Content\"";
				DEVELOPMENT_TEAM = C3DECQVL45;
				ENABLE_HARDENED_RUNTIME = YES;
				ENABLE_PREVIEWS = YES;
				GENERATE_INFOPLIST_FILE = YES;
				INFOPLIST_FILE = SolarEnergyMonitor/Info.plist;
				INFOPLIST_KEY_LSUIElement = YES;
				INFOPLIST_KEY_NSHumanReadableCopyright = "";
				INFOPLIST_KEY_NSLocalNetworkUsageDescription = "To check the SSID of the current network";
				LD_RUNPATH_SEARCH_PATHS = (
					"$(inherited)",
					"@executable_path/../Frameworks",
				);
				MARKETING_VERSION = 1.0;
				PRODUCT_BUNDLE_IDENTIFIER = com.kosukearase.SolarEnergyMonitor;
				PRODUCT_NAME = "$(TARGET_NAME)";
				SWIFT_EMIT_LOC_STRINGS = YES;
				SWIFT_VERSION = 5.0;
			};
			name = Debug;
		};
		FB6A660D2BBA8BD700CE9041 /* Release */ = {
			isa = XCBuildConfiguration;
			buildSettings = {
				ASSETCATALOG_COMPILER_APPICON_NAME = AppIcon;
				ASSETCATALOG_COMPILER_GLOBAL_ACCENT_COLOR_NAME = AccentColor;
				CODE_SIGN_ENTITLEMENTS = SolarEnergyMonitor/SolarEnergyMonitor.entitlements;
				CODE_SIGN_STYLE = Automatic;
				COMBINE_HIDPI_IMAGES = YES;
				CURRENT_PROJECT_VERSION = 1;
				DEVELOPMENT_ASSET_PATHS = "\"SolarEnergyMonitor/Preview Content\"";
				DEVELOPMENT_TEAM = C3DECQVL45;
				ENABLE_HARDENED_RUNTIME = YES;
				ENABLE_PREVIEWS = YES;
				GENERATE_INFOPLIST_FILE = YES;
				INFOPLIST_FILE = SolarEnergyMonitor/Info.plist;
				INFOPLIST_KEY_LSUIElement = YES;
				INFOPLIST_KEY_NSHumanReadableCopyright = "";
				INFOPLIST_KEY_NSLocalNetworkUsageDescription = "To check the SSID of the current network";
				LD_RUNPATH_SEARCH_PATHS = (
					"$(inherited)",
					"@executable_path/../Frameworks",
				);
				MARKETING_VERSION = 1.0;
				PRODUCT_BUNDLE_IDENTIFIER = com.kosukearase.SolarEnergyMonitor;
				PRODUCT_NAME = "$(TARGET_NAME)";
				SWIFT_EMIT_LOC_STRINGS = YES;
				SWIFT_VERSION = 5.0;
			};
			name = Release;
		};
/* End XCBuildConfiguration section */

/* Begin XCConfigurationList section */
		FB6A65F72BBA8BD500CE9041 /* Build configuration list for PBXProject "SolarEnergyMonitor" */ = {
			isa = XCConfigurationList;
			buildConfigurations = (
				FB6A66092BBA8BD700CE9041 /* Debug */,
				FB6A660A2BBA8BD700CE9041 /* Release */,
			);
			defaultConfigurationIsVisible = 0;
			defaultConfigurationName = Release;
		};
		FB6A660B2BBA8BD700CE9041 /* Build configuration list for PBXNativeTarget "SolarEnergyMonitor" */ = {
			isa = XCConfigurationList;
			buildConfigurations = (
				FB6A660C2BBA8BD700CE9041 /* Debug */,
				FB6A660D2BBA8BD700CE9041 /* Release */,
			);
			defaultConfigurationIsVisible = 0;
			defaultConfigurationName = Release;
		};
/* End XCConfigurationList section */
	};
	rootObject = FB6A65F42BBA8BD500CE9041 /* Project object */;
}
